
Microsoft Visual Studio Solution File, Format Version 12.00
# Visual Studio Version 17
VisualStudioVersion = 17.14.36915.13 d17.14
MinimumVisualStudioVersion = 10.0.40219.1
Project("{FAE04EC0-301F-11D3-BF4B-00C04F79EFBC}") = "KASHOP.PL", "KASHOP.PL\KASHOP.PL.csproj", "{D358AAC7-E641-4A0D-A618-240D771D35FD}"
EndProject
Project("{FAE04EC0-301F-11D3-BF4B-00C04F79EFBC}") = "KASHOP.BLL", "KASHOP.BLL\KASHOP.BLL.csproj", "{14E0D405-47BE-4CD1-8766-61C28FBF2837}"
EndProject
Project("{FAE04EC0-301F-11D3-BF4B-00C04F79EFBC}") = "KASHOP.DAL", "KASHOP.DAL\KASHOP.DAL.csproj", "{BAAFC25B-8208-4BDD-9EDF-8A1C196477AF}"
EndProject
Global
	GlobalSection(SolutionConfigurationPlatforms) = preSolution
		Debug|Any CPU = Debug|Any CPU
		Release|Any CPU = Release|Any CPU
	EndGlobalSection
	GlobalSection(ProjectConfigurationPlatforms) = postSolution
		{D358AAC7-E641-4A0D-A618-240D771D35FD}.Debug|Any CPU.ActiveCfg = Debug|Any CPU
		{D358AAC7-E641-4A0D-A618-240D771D35FD}.Debug|Any CPU.Build.0 = Debug|Any CPU
		{D358AAC7-E641-4A0D-A618-240D771D35FD}.Release|Any CPU.ActiveCfg = Release|Any CPU
		{D358AAC7-E641-4A0D-A618-240D771D35FD}.Release|Any CPU.Build.0 = Release|Any CPU
		{14E0D405-47BE-4CD1-8766-61C28FBF2837}.Debug|Any CPU.ActiveCfg = Debug|Any CPU
		{14E0D405-47BE-4CD1-8766-61C28FBF2837}.Debug|Any CPU.Build.0 = Debug|Any CPU
		{14E0D405-47BE-4CD1-8766-61C28FBF2837}.Release|Any CPU.ActiveCfg = Release|Any CPU
		{14E0D405-47BE-4CD1-8766-61C28FBF2837}.Release|Any CPU.Build.0 = Release|Any CPU
		{BAAFC25B-8208-4BDD-9EDF-8A1C196477AF}.Debug|Any CPU.ActiveCfg = Debug|Any CPU
		{BAAFC25B-8208-4BDD-9EDF-8A1C196477AF}.Debug|Any CPU.Build.0 = Debug|Any CPU
		{BAAFC25B-8208-4BDD-9EDF-8A1C196477AF}.Release|Any CPU.ActiveCfg = Release|Any CPU
		{BAAFC25B-8208-4BDD-9EDF-8A1C196477AF}.Release|Any CPU.Build.0 = Release|Any CPU
	EndGlobalSection
	GlobalSection(SolutionProperties) = preSolution
		HideSolutionNode = FALSE
	EndGlobalSection
	GlobalSection(ExtensibilityGlobals) = postSolution
		SolutionGuid = {7D3E84D6-89B7-4835-AD96-8394D13E4B43}
	EndGlobalSection
EndGlobal
